
Microsoft Visual Studio Solution File, Format Version 12.00
# Visual Studio Version 17
VisualStudioVersion = 17.5.33530.505
MinimumVisualStudioVersion = 10.0.40219.1
Project("{FAE04EC0-301F-11D3-BF4B-00C04F79EFBC}") = "ControleDeContatos", "ControleDeContatos\ControleDeContatos.csproj", "{CA0CF32C-C094-4BA7-86F5-D76AFFCC3D1F}"
EndProject
Global
	GlobalSection(SolutionConfigurationPlatforms) = preSolution
		Debug|Any CPU = Debug|Any CPU
		Release|Any CPU = Release|Any CPU
	EndGlobalSection
	GlobalSection(ProjectConfigurationPlatforms) = postSolution
		{CA0CF32C-C094-4BA7-86F5-D76AFFCC3D1F}.Debug|Any CPU.ActiveCfg = Debug|Any CPU
		{CA0CF32C-C094-4BA7-86F5-D76AFFCC3D1F}.Debug|Any CPU.Build.0 = Debug|Any CPU
		{CA0CF32C-C094-4BA7-86F5-D76AFFCC3D1F}.Release|Any CPU.ActiveCfg = Release|Any CPU
		{CA0CF32C-C094-4BA7-86F5-D76AFFCC3D1F}.Release|Any CPU.Build.0 = Release|Any CPU
	EndGlobalSection
	GlobalSection(SolutionProperties) = preSolution
		HideSolutionNode = FALSE
	EndGlobalSection
	GlobalSection(ExtensibilityGlobals) = postSolution
		SolutionGuid = {04ABDD26-729E-4317-8D95-1835D7FC10B5}
	EndGlobalSection
EndGlobal
